
Microsoft Visual Studio Solution File, Format Version 12.00
# Visual Studio Version 17
VisualStudioVersion = 17.1.32228.430
MinimumVisualStudioVersion = 10.0.40219.1
Project("{FAE04EC0-301F-11D3-BF4B-00C04F79EFBC}") = "VetClin", "VetClin\VetClin.csproj", "{257350F1-8C52-4CD6-BEA4-749A6B84B56F}"
EndProject
Global
	GlobalSection(SolutionConfigurationPlatforms) = preSolution
		Debug|Any CPU = Debug|Any CPU
		Release|Any CPU = Release|Any CPU
	EndGlobalSection
	GlobalSection(ProjectConfigurationPlatforms) = postSolution
		{257350F1-8C52-4CD6-BEA4-749A6B84B56F}.Debug|Any CPU.ActiveCfg = Debug|Any CPU
		{257350F1-8C52-4CD6-BEA4-749A6B84B56F}.Debug|Any CPU.Build.0 = Debug|Any CPU
		{257350F1-8C52-4CD6-BEA4-749A6B84B56F}.Release|Any CPU.ActiveCfg = Release|Any CPU
		{257350F1-8C52-4CD6-BEA4-749A6B84B56F}.Release|Any CPU.Build.0 = Release|Any CPU
	EndGlobalSection
	GlobalSection(SolutionProperties) = preSolution
		HideSolutionNode = FALSE
	EndGlobalSection
	GlobalSection(ExtensibilityGlobals) = postSolution
		SolutionGuid = {5E46E759-9CAD-4A62-874A-0A896724567C}
	EndGlobalSection
EndGlobal
